PODS:
  - Kingfisher (7.0.0)
  - shared (1.0)

DEPENDENCIES:
  - Kingfisher (~> 7.0)
  - shared (from `../shared`)

SPEC REPOS:
  trunk:
    - Kingfisher

EXTERNAL SOURCES:
  shared:
    :path: "../shared"

SPEC CHECKSUMS:
  Kingfisher: 5efc54fec3980f92354898532e562cc17f31efb4
  shared: 682133c5d0681084aac6ddd23b51c18dfec19810

PODFILE CHECKSUM: c91647c0c604e240457f8f59715c4a07f175608d

COCOAPODS: 1.11.2
